
Microsoft Visual Studio Solution File, Format Version 12.00
# Visual Studio 15
VisualStudioVersion = 15.0.33423.255
MinimumVisualStudioVersion = 10.0.40219.1
Project("{FAE04EC0-301F-11D3-BF4B-00C04F79EFBC}") = "GitTest2017", "GitTest2017\GitTest2017.csproj", "{3A1C400C-89A6-4B38-9486-D30012F9EB7A}"
EndProject
Global
	GlobalSection(SolutionConfigurationPlatforms) = preSolution
		Debug|Any CPU = Debug|Any CPU
		Release|Any CPU = Release|Any CPU
	EndGlobalSection
	GlobalSection(ProjectConfigurationPlatforms) = postSolution
		{3A1C400C-89A6-4B38-9486-D30012F9EB7A}.Debug|Any CPU.ActiveCfg = Debug|Any CPU
		{3A1C400C-89A6-4B38-9486-D30012F9EB7A}.Debug|Any CPU.Build.0 = Debug|Any CPU
		{3A1C400C-89A6-4B38-9486-D30012F9EB7A}.Release|Any CPU.ActiveCfg = Release|Any CPU
		{3A1C400C-89A6-4B38-9486-D30012F9EB7A}.Release|Any CPU.Build.0 = Release|Any CPU
	EndGlobalSection
	GlobalSection(SolutionProperties) = preSolution
		HideSolutionNode = FALSE
	EndGlobalSection
	GlobalSection(ExtensibilityGlobals) = postSolution
		SolutionGuid = {947D4D44-2BD3-4186-9ED6-2CBCE8CE2751}
	EndGlobalSection
EndGlobal
